
Microsoft Visual Studio Solution File, Format Version 12.00
# Visual Studio Version 16
VisualStudioVersion = 16.0.30011.22
MinimumVisualStudioVersion = 10.0.40219.1
Project("{FAE04EC0-301F-11D3-BF4B-00C04F79EFBC}") = "WpfApp1", "WpfApp1\WpfApp1.csproj", "{E6ACC7C1-CE1B-4594-95B9-C2E4AD02DFAE}"
EndProject
Global
	GlobalSection(SolutionConfigurationPlatforms) = preSolution
		Debug|Any CPU = Debug|Any CPU
		Release|Any CPU = Release|Any CPU
	EndGlobalSection
	GlobalSection(ProjectConfigurationPlatforms) = postSolution
		{E6ACC7C1-CE1B-4594-95B9-C2E4AD02DFAE}.Debug|Any CPU.ActiveCfg = Debug|Any CPU
		{E6ACC7C1-CE1B-4594-95B9-C2E4AD02DFAE}.Debug|Any CPU.Build.0 = Debug|Any CPU
		{E6ACC7C1-CE1B-4594-95B9-C2E4AD02DFAE}.Release|Any CPU.ActiveCfg = Release|Any CPU
		{E6ACC7C1-CE1B-4594-95B9-C2E4AD02DFAE}.Release|Any CPU.Build.0 = Release|Any CPU
	EndGlobalSection
	GlobalSection(SolutionProperties) = preSolution
		HideSolutionNode = FALSE
	EndGlobalSection
	GlobalSection(ExtensibilityGlobals) = postSolution
		SolutionGuid = {64904708-085C-4167-8DB4-4AD73DBC251E}
	EndGlobalSection
EndGlobal
